// !$*UTF8*$!
{
	archiveVersion = 1;
	classes = {
	};
	objectVersion = 46;
	objects = {

/* Begin PBXBuildFile section */
		ACA14EC91EE33BF500015E4A /* AppDelegate.swift in Sources */ = {isa = PBXBuildFile; fileRef = ACA14EC81EE33BF500015E4A /* AppDelegate.swift */; };
		ACA14ECE1EE33BF500015E4A /* Main.storyboard in Resources */ = {isa = PBXBuildFile; fileRef = ACA14ECC1EE33BF500015E4A /* Main.storyboard */; };
		ACA14ED01EE33BF500015E4A /* Assets.xcassets in Resources */ = {isa = PBXBuildFile; fileRef = ACA14ECF1EE33BF500015E4A /* Assets.xcassets */; };
		ACA14ED31EE33BF500015E4A /* LaunchScreen.storyboard in Resources */ = {isa = PBXBuildFile; fileRef = ACA14ED11EE33BF500015E4A /* LaunchScreen.storyboard */; };
		ACA14EDD1EE343A300015E4A /* Tela3_2ViewController.swift in Sources */ = {isa = PBXBuildFile; fileRef = ACA14EDC1EE343A300015E4A /* Tela3_2ViewController.swift */; };
		ACA14EDF1EE343DD00015E4A /* Tela3_1ViewController.swift in Sources */ = {isa = PBXBuildFile; fileRef = ACA14EDE1EE343DD00015E4A /* Tela3_1ViewController.swift */; };
		ACA14EE11EE3457900015E4A /* TelaXViewController.swift in Sources */ = {isa = PBXBuildFile; fileRef = ACA14EE01EE3457900015E4A /* TelaXViewController.swift */; };
		ACA14EE31EE3482E00015E4A /* TelaInicialViewController.swift in Sources */ = {isa = PBXBuildFile; fileRef = ACA14EE21EE3482E00015E4A /* TelaInicialViewController.swift */; };
		ACA14EE51EE3491E00015E4A /* TelaVermelhaViewController.swift in Sources */ = {isa = PBXBuildFile; fileRef = ACA14EE41EE3491E00015E4A /* TelaVermelhaViewController.swift */; };
		ACA14EE71EE34A1E00015E4A /* TelaAzulViewController.swift in Sources */ = {isa = PBXBuildFile; fileRef = ACA14EE61EE34A1E00015E4A /* TelaAzulViewController.swift */; };
/* End PBXBuildFile section */

/* Begin PBXFileReference section */
		ACA14EC51EE33BF500015E4A /* iOS Teste.app */ = {isa = PBXFileReference; explicitFileType = wrapper.application; includeInIndex = 0; path = "iOS Teste.app"; sourceTree = BUILT_PRODUCTS_DIR; };
		ACA14EC81EE33BF500015E4A /* AppDelegate.swift */ = {isa = PBXFileReference; lastKnownFileType = sourcecode.swift; path = AppDelegate.swift; sourceTree = "<group>"; };
		ACA14ECD1EE33BF500015E4A /* Base */ = {isa = PBXFileReference; lastKnownFileType = file.storyboard; name = Base; path = Base.lproj/Main.storyboard; sourceTree = "<group>"; };
		ACA14ECF1EE33BF500015E4A /* Assets.xcassets */ = {isa = PBXFileReference; lastKnownFileType = folder.assetcatalog; path = Assets.xcassets; sourceTree = "<group>"; };
		ACA14ED21EE33BF500015E4A /* Base */ = {isa = PBXFileReference; lastKnownFileType = file.storyboard; name = Base; path = Base.lproj/LaunchScreen.storyboard; sourceTree = "<group>"; };
		ACA14ED41EE33BF500015E4A /* Info.plist */ = {isa = PBXFileReference; lastKnownFileType = text.plist.xml; path = Info.plist; sourceTree = "<group>"; };
		ACA14EDC1EE343A300015E4A /* Tela3_2ViewController.swift */ = {isa = PBXFileReference; fileEncoding = 4; lastKnownFileType = sourcecode.swift; path = Tela3_2ViewController.swift; sourceTree = "<group>"; };
		ACA14EDE1EE343DD00015E4A /* Tela3_1ViewController.swift */ = {isa = PBXFileReference; fileEncoding = 4; lastKnownFileType = sourcecode.swift; path = Tela3_1ViewController.swift; sourceTree = "<group>"; };
		ACA14EE01EE3457900015E4A /* TelaXViewController.swift */ = {isa = PBXFileReference; fileEncoding = 4; lastKnownFileType = sourcecode.swift; path = TelaXViewController.swift; sourceTree = "<group>"; };
		ACA14EE21EE3482E00015E4A /* TelaInicialViewController.swift */ = {isa = PBXFileReference; fileEncoding = 4; lastKnownFileType = sourcecode.swift; path = TelaInicialViewController.swift; sourceTree = "<group>"; };
		ACA14EE41EE3491E00015E4A /* TelaVermelhaViewController.swift */ = {isa = PBXFileReference; fileEncoding = 4; lastKnownFileType = sourcecode.swift; path = TelaVermelhaViewController.swift; sourceTree = "<group>"; };
		ACA14EE61EE34A1E00015E4A /* TelaAzulViewController.swift */ = {isa = PBXFileReference; fileEncoding = 4; lastKnownFileType = sourcecode.swift; path = TelaAzulViewController.swift; sourceTree = "<group>"; };
/* End PBXFileReference section */

/* Begin PBXFrameworksBuildPhase section */
		ACA14EC21EE33BF500015E4A /* Frameworks */ = {
			isa = PBXFrameworksBuildPhase;
			buildActionMask = 2147483647;
			files = (
			);
			runOnlyForDeploymentPostprocessing = 0;
		};
/* End PBXFrameworksBuildPhase section */

/* Begin PBXGroup section */
		ACA14EBC1EE33BF500015E4A = {
			isa = PBXGroup;
			children = (
				ACA14EC71EE33BF500015E4A /* iOS Teste */,
				ACA14EC61EE33BF500015E4A /* Products */,
			);
			sourceTree = "<group>";
		};
		ACA14EC61EE33BF500015E4A /* Products */ = {
			isa = PBXGroup;
			children = (
				ACA14EC51EE33BF500015E4A /* iOS Teste.app */,
			);
			name = Products;
			sourceTree = "<group>";
		};
		ACA14EC71EE33BF500015E4A /* iOS Teste */ = {
			isa = PBXGroup;
			children = (
				ACA14EC81EE33BF500015E4A /* AppDelegate.swift */,
				ACA14ECC1EE33BF500015E4A /* Main.storyboard */,
				ACA14ECF1EE33BF500015E4A /* Assets.xcassets */,
				ACA14ED11EE33BF500015E4A /* LaunchScreen.storyboard */,
				ACA14ED41EE33BF500015E4A /* Info.plist */,
				ACA14EDC1EE343A300015E4A /* Tela3_2ViewController.swift */,
				ACA14EDE1EE343DD00015E4A /* Tela3_1ViewController.swift */,
				ACA14EE01EE3457900015E4A /* TelaXViewController.swift */,
				ACA14EE21EE3482E00015E4A /* TelaInicialViewController.swift */,
				ACA14EE41EE3491E00015E4A /* TelaVermelhaViewController.swift */,
				ACA14EE61EE34A1E00015E4A /* TelaAzulViewController.swift */,
			);
			path = "iOS Teste";
			sourceTree = "<group>";
		};
/* End PBXGroup section */

/* Begin PBXNativeTarget section */
		ACA14EC41EE33BF500015E4A /* iOS Teste */ = {
			isa = PBXNativeTarget;
			buildConfigurationList = ACA14ED71EE33BF500015E4A /* Build configuration list for PBXNativeTarget "iOS Teste" */;
			buildPhases = (
				ACA14EC11EE33BF500015E4A /* Sources */,
				ACA14EC21EE33BF500015E4A /* Frameworks */,
				ACA14EC31EE33BF500015E4A /* Resources */,
			);
			buildRules = (
			);
			dependencies = (
			);
			name = "iOS Teste";
			productName = "iOS Teste";
			productReference = ACA14EC51EE33BF500015E4A /* iOS Teste.app */;
			productType = "com.apple.product-type.application";
		};
/* End PBXNativeTarget section */

/* Begin PBXProject section */
		ACA14EBD1EE33BF500015E4A /* Project object */ = {
			isa = PBXProject;
			attributes = {
				LastSwiftUpdateCheck = 0810;
				LastUpgradeCheck = 0810;
				ORGANIZATIONNAME = "Lucas Tavares";
				TargetAttributes = {
					ACA14EC41EE33BF500015E4A = {
						CreatedOnToolsVersion = 8.1;
						ProvisioningStyle = Automatic;
					};
				};
			};
			buildConfigurationList = ACA14EC01EE33BF500015E4A /* Build configuration list for PBXProject "iOS Teste" */;
			compatibilityVersion = "Xcode 3.2";
			developmentRegion = English;
			hasScannedForEncodings = 0;
			knownRegions = (
				en,
				Base,
			);
			mainGroup = ACA14EBC1EE33BF500015E4A;
			productRefGroup = ACA14EC61EE33BF500015E4A /* Products */;
			projectDirPath = "";
			projectRoot = "";
			targets = (
				ACA14EC41EE33BF500015E4A /* iOS Teste */,
			);
		};
/* End PBXProject section */

/* Begin PBXResourcesBuildPhase section */
		ACA14EC31EE33BF500015E4A /* Resources */ = {
			isa = PBXResourcesBuildPhase;
			buildActionMask = 2147483647;
			files = (
				ACA14ED31EE33BF500015E4A /* LaunchScreen.storyboard in Resources */,
				ACA14ED01EE33BF500015E4A /* Assets.xcassets in Resources */,
				ACA14ECE1EE33BF500015E4A /* Main.storyboard in Resources */,
			);
			runOnlyForDeploymentPostprocessing = 0;
		};
/* End PBXResourcesBuildPhase section */

/* Begin PBXSourcesBuildPhase section */
		ACA14EC11EE33BF500015E4A /* Sources */ = {
			isa = PBXSourcesBuildPhase;
			buildActionMask = 2147483647;
			files = (
				ACA14EE51EE3491E00015E4A /* TelaVermelhaViewController.swift in Sources */,
				ACA14EDF1EE343DD00015E4A /* Tela3_1ViewController.swift in Sources */,
				ACA14EE11EE3457900015E4A /* TelaXViewController.swift in Sources */,
				ACA14EE71EE34A1E00015E4A /* TelaAzulViewController.swift in Sources */,
				ACA14EDD1EE343A300015E4A /* Tela3_2ViewController.swift in Sources */,
				ACA14EE31EE3482E00015E4A /* TelaInicialViewController.swift in Sources */,
				ACA14EC91EE33BF500015E4A /* AppDelegate.swift in Sources */,
			);
			runOnlyForDeploymentPostprocessing = 0;
		};
/* End PBXSourcesBuildPhase section */

/* Begin PBXVariantGroup section */
		ACA14ECC1EE33BF500015E4A /* Main.storyboard */ = {
			isa = PBXVariantGroup;
			children = (
				ACA14ECD1EE33BF500015E4A /* Base */,
			);
			name = Main.storyboard;
			sourceTree = "<group>";
		};
		ACA14ED11EE33BF500015E4A /* LaunchScreen.storyboard */ = {
			isa = PBXVariantGroup;
			children = (
				ACA14ED21EE33BF500015E4A /* Base */,
			);
			name = LaunchScreen.storyboard;
			sourceTree = "<group>";
		};
/* End PBXVariantGroup section */

/* Begin XCBuildConfiguration section */
		ACA14ED51EE33BF500015E4A /* Debug */ = {
			isa = XCBuildConfiguration;
			buildSettings = {
				ALWAYS_SEARCH_USER_PATHS = NO;
				CLANG_ANALYZER_NONNULL = YES;
				CLANG_CXX_LANGUAGE_STANDARD = "gnu++0x";
				CLANG_CXX_LIBRARY = "libc++";
				CLANG_ENABLE_MODULES = YES;
				CLANG_ENABLE_OBJC_ARC = YES;
				CLANG_WARN_BOOL_CONVERSION = YES;
				CLANG_WARN_CONSTANT_CONVERSION = YES;
				CLANG_WARN_DIRECT_OBJC_ISA_USAGE = YES_ERROR;
				CLANG_WARN_DOCUMENTATION_COMMENTS = YES;
				CLANG_WARN_EMPTY_BODY = YES;
				CLANG_WARN_ENUM_CONVERSION = YES;
				CLANG_WARN_INFINITE_RECURSION = YES;
				CLANG_WARN_INT_CONVERSION = YES;
				CLANG_WARN_OBJC_ROOT_CLASS = YES_ERROR;
				CLANG_WARN_SUSPICIOUS_MOVES = YES;
				CLANG_WARN_UNREACHABLE_CODE = YES;
				CLANG_WARN__DUPLICATE_METHOD_MATCH = YES;
				"CODE_SIGN_IDENTITY[sdk=iphoneos*]" = "iPhone Developer";
				COPY_PHASE_STRIP = NO;
				DEBUG_INFORMATION_FORMAT = dwarf;
				ENABLE_STRICT_OBJC_MSGSEND = YES;
				ENABLE_TESTABILITY = YES;
				GCC_C_LANGUAGE_STANDARD = gnu99;
				GCC_DYNAMIC_NO_PIC = NO;
				GCC_NO_COMMON_BLOCKS = YES;
				GCC_OPTIMIZATION_LEVEL = 0;
				GCC_PREPROCESSOR_DEFINITIONS = (
					"DEBUG=1",
					"$(inherited)",
				);
				GCC_WARN_64_TO_32_BIT_CONVERSION = YES;
				GCC_WARN_ABOUT_RETURN_TYPE = YES_ERROR;
				GCC_WARN_UNDECLARED_SELECTOR = YES;
				GCC_WARN_UNINITIALIZED_AUTOS = YES_AGGRESSIVE;
				GCC_WARN_UNUSED_FUNCTION = YES;
				GCC_WARN_UNUSED_VARIABLE = YES;
				IPHONEOS_DEPLOYMENT_TARGET = 10.1;
				MTL_ENABLE_DEBUG_INFO = YES;
				ONLY_ACTIVE_ARCH = YES;
				SDKROOT = iphoneos;
				SWIFT_ACTIVE_COMPILATION_CONDITIONS = DEBUG;
				SWIFT_OPTIMIZATION_LEVEL = "-Onone";
				TARGETED_DEVICE_FAMILY = "1,2";
			};
			name = Debug;
		};
		ACA14ED61EE33BF500015E4A /* Release */ = {
			isa = XCBuildConfiguration;
			buildSettings = {
				ALWAYS_SEARCH_USER_PATHS = NO;
				CLANG_ANALYZER_NONNULL = YES;
				CLANG_CXX_LANGUAGE_STANDARD = "gnu++0x";
				CLANG_CXX_LIBRARY = "libc++";
				CLANG_ENABLE_MODULES = YES;
				CLANG_ENABLE_OBJC_ARC = YES;
				CLANG_WARN_BOOL_CONVERSION = YES;
				CLANG_WARN_CONSTANT_CONVERSION = YES;
				CLANG_WARN_DIRECT_OBJC_ISA_USAGE = YES_ERROR;
				CLANG_WARN_DOCUMENTATION_COMMENTS = YES;
				CLANG_WARN_EMPTY_BODY = YES;
				CLANG_WARN_ENUM_CONVERSION = YES;
				CLANG_WARN_INFINITE_RECURSION = YES;
				CLANG_WARN_INT_CONVERSION = YES;
				CLANG_WARN_OBJC_ROOT_CLASS = YES_ERROR;
				CLANG_WARN_SUSPICIOUS_MOVES = YES;
				CLANG_WARN_UNREACHABLE_CODE = YES;
				CLANG_WARN__DUPLICATE_METHOD_MATCH = YES;
				"CODE_SIGN_IDENTITY[sdk=iphoneos*]" = "iPhone Developer";
				COPY_PHASE_STRIP = NO;
				DEBUG_INFORMATION_FORMAT = "dwarf-with-dsym";
				ENABLE_NS_ASSERTIONS = NO;
				ENABLE_STRICT_OBJC_MSGSEND = YES;
				GCC_C_LANGUAGE_STANDARD = gnu99;
				GCC_NO_COMMON_BLOCKS = YES;
				GCC_WARN_64_TO_32_BIT_CONVERSION = YES;
				GCC_WARN_ABOUT_RETURN_TYPE = YES_ERROR;
				GCC_WARN_UNDECLARED_SELECTOR = YES;
				GCC_WARN_UNINITIALIZED_AUTOS = YES_AGGRESSIVE;
				GCC_WARN_UNUSED_FUNCTION = YES;
				GCC_WARN_UNUSED_VARIABLE = YES;
				IPHONEOS_DEPLOYMENT_TARGET = 10.1;
				MTL_ENABLE_DEBUG_INFO = NO;
				SDKROOT = iphoneos;
				SWIFT_OPTIMIZATION_LEVEL = "-Owholemodule";
				TARGETED_DEVICE_FAMILY = "1,2";
				VALIDATE_PRODUCT = YES;
			};
			name = Release;
		};
		ACA14ED81EE33BF500015E4A /* Debug */ = {
			isa = XCBuildConfiguration;
			buildSettings = {
				ASSETCATALOG_COMPILER_APPICON_NAME = AppIcon;
				INFOPLIST_FILE = "iOS Teste/Info.plist";
				LD_RUNPATH_SEARCH_PATHS = "$(inherited) @executable_path/Frameworks";
				PRODUCT_BUNDLE_IDENTIFIER = "br.com.tavares.iOS-Teste";
				PRODUCT_NAME = "$(TARGET_NAME)";
				SWIFT_VERSION = 3.0;
			};
			name = Debug;
		};
		ACA14ED91EE33BF500015E4A /* Release */ = {
			isa = XCBuildConfiguration;
			buildSettings = {
				ASSETCATALOG_COMPILER_APPICON_NAME = AppIcon;
				INFOPLIST_FILE = "iOS Teste/Info.plist";
				LD_RUNPATH_SEARCH_PATHS = "$(inherited) @executable_path/Frameworks";
				PRODUCT_BUNDLE_IDENTIFIER = "br.com.tavares.iOS-Teste";
				PRODUCT_NAME = "$(TARGET_NAME)";
				SWIFT_VERSION = 3.0;
			};
			name = Release;
		};
/* End XCBuildConfiguration section */

/* Begin XCConfigurationList section */
		ACA14EC01EE33BF500015E4A /* Build configuration list for PBXProject "iOS Teste" */ = {
			isa = XCConfigurationList;
			buildConfigurations = (
				ACA14ED51EE33BF500015E4A /* Debug */,
				ACA14ED61EE33BF500015E4A /* Release */,
			);
			defaultConfigurationIsVisible = 0;
			defaultConfigurationName = Release;
		};
		ACA14ED71EE33BF500015E4A /* Build configuration list for PBXNativeTarget "iOS Teste" */ = {
			isa = XCConfigurationList;
			buildConfigurations = (
				ACA14ED81EE33BF500015E4A /* Debug */,
				ACA14ED91EE33BF500015E4A /* Release */,
			);
			defaultConfigurationIsVisible = 0;
		};
/* End XCConfigurationList section */
	};
	rootObject = ACA14EBD1EE33BF500015E4A /* Project object */;
}
